
Microsoft Visual Studio Solution File, Format Version 12.00
# Visual Studio Version 17
VisualStudioVersion = 17.0.31912.275
MinimumVisualStudioVersion = 10.0.40219.1
Project("{9A19103F-16F7-4668-BE54-9A1E7A4F7556}") = "EasyER.Server", "Server\EasyER.Server.csproj", "{9B03C151-3776-4366-9E30-AB281689573A}"
EndProject
Project("{9A19103F-16F7-4668-BE54-9A1E7A4F7556}") = "EasyER.Client", "Client\EasyER.Client.csproj", "{18CB9699-D910-4FF1-842A-C99FC2D6F4DE}"
EndProject
Project("{9A19103F-16F7-4668-BE54-9A1E7A4F7556}") = "EasyER.Shared", "Shared\EasyER.Shared.csproj", "{3B91F92B-2492-4FFA-A59D-50C25A4E1443}"
EndProject
Project("{FAE04EC0-301F-11D3-BF4B-00C04F79EFBC}") = "EasyERTests", "EasyERTests\EasyERTests.csproj", "{65B245B9-9C14-4BC7-8649-DA4C79CD78E5}"
EndProject
Global
	GlobalSection(SolutionConfigurationPlatforms) = preSolution
		Debug|Any CPU = Debug|Any CPU
		Release|Any CPU = Release|Any CPU
	EndGlobalSection
	GlobalSection(ProjectConfigurationPlatforms) = postSolution
		{9B03C151-3776-4366-9E30-AB281689573A}.Debug|Any CPU.ActiveCfg = Debug|Any CPU
		{9B03C151-3776-4366-9E30-AB281689573A}.Debug|Any CPU.Build.0 = Debug|Any CPU
		{9B03C151-3776-4366-9E30-AB281689573A}.Release|Any CPU.ActiveCfg = Release|Any CPU
		{9B03C151-3776-4366-9E30-AB281689573A}.Release|Any CPU.Build.0 = Release|Any CPU
		{18CB9699-D910-4FF1-842A-C99FC2D6F4DE}.Debug|Any CPU.ActiveCfg = Debug|Any CPU
		{18CB9699-D910-4FF1-842A-C99FC2D6F4DE}.Debug|Any CPU.Build.0 = Debug|Any CPU
		{18CB9699-D910-4FF1-842A-C99FC2D6F4DE}.Release|Any CPU.ActiveCfg = Release|Any CPU
		{18CB9699-D910-4FF1-842A-C99FC2D6F4DE}.Release|Any CPU.Build.0 = Release|Any CPU
		{3B91F92B-2492-4FFA-A59D-50C25A4E1443}.Debug|Any CPU.ActiveCfg = Debug|Any CPU
		{3B91F92B-2492-4FFA-A59D-50C25A4E1443}.Debug|Any CPU.Build.0 = Debug|Any CPU
		{3B91F92B-2492-4FFA-A59D-50C25A4E1443}.Release|Any CPU.ActiveCfg = Release|Any CPU
		{3B91F92B-2492-4FFA-A59D-50C25A4E1443}.Release|Any CPU.Build.0 = Release|Any CPU
		{65B245B9-9C14-4BC7-8649-DA4C79CD78E5}.Debug|Any CPU.ActiveCfg = Debug|Any CPU
		{65B245B9-9C14-4BC7-8649-DA4C79CD78E5}.Debug|Any CPU.Build.0 = Debug|Any CPU
		{65B245B9-9C14-4BC7-8649-DA4C79CD78E5}.Release|Any CPU.ActiveCfg = Release|Any CPU
		{65B245B9-9C14-4BC7-8649-DA4C79CD78E5}.Release|Any CPU.Build.0 = Release|Any CPU
	EndGlobalSection
	GlobalSection(SolutionProperties) = preSolution
		HideSolutionNode = FALSE
	EndGlobalSection
	GlobalSection(ExtensibilityGlobals) = postSolution
		SolutionGuid = {45CBD8B8-5135-45AD-8564-E49D8C3FA8C1}
	EndGlobalSection
EndGlobal
